
Microsoft Visual Studio Solution File, Format Version 12.00
# Visual Studio 15
VisualStudioVersion = 15.0.25928.0
MinimumVisualStudioVersion = 10.0.40219.1
Project("{FAE04EC0-301F-11D3-BF4B-00C04F79EFBC}") = "HouseOvent", "HouseOvent\HouseOvent.csproj", "{1368B117-93D5-4EB4-BA97-265C977F28F4}"
EndProject
Project("{D954291E-2A0B-460D-934E-DC6B0785DB48}") = "KodiRpc", "KodiRpc\KodiRpc.shproj", "{0D6D0FC2-C84F-49D0-BB96-317FB6AA2543}"
EndProject
Global
	GlobalSection(SharedMSBuildProjectFiles) = preSolution
		KodiRpc\KodiRpc.projitems*{0d6d0fc2-c84f-49d0-bb96-317fb6aa2543}*SharedItemsImports = 13
		KodiRpc\KodiRpc.projitems*{1368b117-93d5-4eb4-ba97-265c977f28f4}*SharedItemsImports = 4
	EndGlobalSection
	GlobalSection(SolutionConfigurationPlatforms) = preSolution
		Debug|Any CPU = Debug|Any CPU
		Debug|ARM = Debug|ARM
		Debug|x64 = Debug|x64
		Debug|x86 = Debug|x86
		Release|Any CPU = Release|Any CPU
		Release|ARM = Release|ARM
		Release|x64 = Release|x64
		Release|x86 = Release|x86
	EndGlobalSection
	GlobalSection(ProjectConfigurationPlatforms) = postSolution
		{1368B117-93D5-4EB4-BA97-265C977F28F4}.Debug|Any CPU.ActiveCfg = Debug|x86
		{1368B117-93D5-4EB4-BA97-265C977F28F4}.Debug|ARM.ActiveCfg = Debug|ARM
		{1368B117-93D5-4EB4-BA97-265C977F28F4}.Debug|ARM.Build.0 = Debug|ARM
		{1368B117-93D5-4EB4-BA97-265C977F28F4}.Debug|ARM.Deploy.0 = Debug|ARM
		{1368B117-93D5-4EB4-BA97-265C977F28F4}.Debug|x64.ActiveCfg = Debug|x64
		{1368B117-93D5-4EB4-BA97-265C977F28F4}.Debug|x64.Build.0 = Debug|x64
		{1368B117-93D5-4EB4-BA97-265C977F28F4}.Debug|x64.Deploy.0 = Debug|x64
		{1368B117-93D5-4EB4-BA97-265C977F28F4}.Debug|x86.ActiveCfg = Debug|x86
		{1368B117-93D5-4EB4-BA97-265C977F28F4}.Debug|x86.Build.0 = Debug|x86
		{1368B117-93D5-4EB4-BA97-265C977F28F4}.Debug|x86.Deploy.0 = Debug|x86
		{1368B117-93D5-4EB4-BA97-265C977F28F4}.Release|Any CPU.ActiveCfg = Release|x86
		{1368B117-93D5-4EB4-BA97-265C977F28F4}.Release|ARM.ActiveCfg = Release|ARM
		{1368B117-93D5-4EB4-BA97-265C977F28F4}.Release|ARM.Build.0 = Release|ARM
		{1368B117-93D5-4EB4-BA97-265C977F28F4}.Release|ARM.Deploy.0 = Release|ARM
		{1368B117-93D5-4EB4-BA97-265C977F28F4}.Release|x64.ActiveCfg = Release|x64
		{1368B117-93D5-4EB4-BA97-265C977F28F4}.Release|x64.Build.0 = Release|x64
		{1368B117-93D5-4EB4-BA97-265C977F28F4}.Release|x64.Deploy.0 = Release|x64
		{1368B117-93D5-4EB4-BA97-265C977F28F4}.Release|x86.ActiveCfg = Release|x86
		{1368B117-93D5-4EB4-BA97-265C977F28F4}.Release|x86.Build.0 = Release|x86
		{1368B117-93D5-4EB4-BA97-265C977F28F4}.Release|x86.Deploy.0 = Release|x86
	EndGlobalSection
	GlobalSection(SolutionProperties) = preSolution
		HideSolutionNode = FALSE
	EndGlobalSection
EndGlobal
